// !$*UTF8*$!
{
	archiveVersion = 1;
	classes = {
	};
	objectVersion = 56;
	objects = {

/* Begin PBXBuildFile section */
		EA988A572BD4293700489A39 /* AppDelegate.swift in Sources */ = {isa = PBXBuildFile; fileRef = EA988A562BD4293700489A39 /* AppDelegate.swift */; };
		EA988A592BD4293700489A39 /* SceneDelegate.swift in Sources */ = {isa = PBXBuildFile; fileRef = EA988A582BD4293700489A39 /* SceneDelegate.swift */; };
		EA988A5B2BD4293700489A39 /* ViewController.swift in Sources */ = {isa = PBXBuildFile; fileRef = EA988A5A2BD4293700489A39 /* ViewController.swift */; };
		EA988A5E2BD4293700489A39 /* Base in Resources */ = {isa = PBXBuildFile; fileRef = EA988A5D2BD4293700489A39 /* Base */; };
		EA988A602BD4293800489A39 /* Assets.xcassets in Resources */ = {isa = PBXBuildFile; fileRef = EA988A5F2BD4293800489A39 /* Assets.xcassets */; };
		EA988A632BD4293800489A39 /* Base in Resources */ = {isa = PBXBuildFile; fileRef = EA988A622BD4293800489A39 /* Base */; };
		EA988A6E2BD4293800489A39 /* CapstoneUWBTests.swift in Sources */ = {isa = PBXBuildFile; fileRef = EA988A6D2BD4293800489A39 /* CapstoneUWBTests.swift */; };
		EA988A782BD4293800489A39 /* CapstoneUWBUITests.swift in Sources */ = {isa = PBXBuildFile; fileRef = EA988A772BD4293800489A39 /* CapstoneUWBUITests.swift */; };
		EA988A7A2BD4293800489A39 /* CapstoneUWBUITestsLaunchTests.swift in Sources */ = {isa = PBXBuildFile; fileRef = EA988A792BD4293800489A39 /* CapstoneUWBUITestsLaunchTests.swift */; };
		EA988A882BD42BA200489A39 /* BLEController.swift in Sources */ = {isa = PBXBuildFile; fileRef = EA988A872BD42BA200489A39 /* BLEController.swift */; };
		EA988AE52BD6979600489A39 /* CoreBluetooth.framework in Frameworks */ = {isa = PBXBuildFile; fileRef = EA988AE42BD6979600489A39 /* CoreBluetooth.framework */; };
		EA988AE72BD6979E00489A39 /* NearbyInteraction.framework in Frameworks */ = {isa = PBXBuildFile; fileRef = EA988AE62BD6979E00489A39 /* NearbyInteraction.framework */; };
/* End PBXBuildFile section */

/* Begin PBXContainerItemProxy section */
		EA988A6A2BD4293800489A39 /* PBXContainerItemProxy */ = {
			isa = PBXContainerItemProxy;
			containerPortal = EA988A4B2BD4293700489A39 /* Project object */;
			proxyType = 1;
			remoteGlobalIDString = EA988A522BD4293700489A39;
			remoteInfo = CapstoneUWB;
		};
		EA988A742BD4293800489A39 /* PBXContainerItemProxy */ = {
			isa = PBXContainerItemProxy;
			containerPortal = EA988A4B2BD4293700489A39 /* Project object */;
			proxyType = 1;
			remoteGlobalIDString = EA988A522BD4293700489A39;
			remoteInfo = CapstoneUWB;
		};
/* End PBXContainerItemProxy section */

/* Begin PBXFileReference section */
		EA988A532BD4293700489A39 /* CapstoneUWB.app */ = {isa = PBXFileReference; explicitFileType = wrapper.application; includeInIndex = 0; path = CapstoneUWB.app; sourceTree = BUILT_PRODUCTS_DIR; };
		EA988A562BD4293700489A39 /* AppDelegate.swift */ = {isa = PBXFileReference; lastKnownFileType = sourcecode.swift; path = AppDelegate.swift; sourceTree = "<group>"; };
		EA988A582BD4293700489A39 /* SceneDelegate.swift */ = {isa = PBXFileReference; lastKnownFileType = sourcecode.swift; path = SceneDelegate.swift; sourceTree = "<group>"; };
		EA988A5A2BD4293700489A39 /* ViewController.swift */ = {isa = PBXFileReference; lastKnownFileType = sourcecode.swift; path = ViewController.swift; sourceTree = "<group>"; };
		EA988A5D2BD4293700489A39 /* Base */ = {isa = PBXFileReference; lastKnownFileType = file.storyboard; name = Base; path = Base.lproj/Main.storyboard; sourceTree = "<group>"; };
		EA988A5F2BD4293800489A39 /* Assets.xcassets */ = {isa = PBXFileReference; lastKnownFileType = folder.assetcatalog; path = Assets.xcassets; sourceTree = "<group>"; };
		EA988A622BD4293800489A39 /* Base */ = {isa = PBXFileReference; lastKnownFileType = file.storyboard; name = Base; path = Base.lproj/LaunchScreen.storyboard; sourceTree = "<group>"; };
		EA988A642BD4293800489A39 /* Info.plist */ = {isa = PBXFileReference; lastKnownFileType = text.plist.xml; path = Info.plist; sourceTree = "<group>"; };
		EA988A692BD4293800489A39 /* CapstoneUWBTests.xctest */ = {isa = PBXFileReference; explicitFileType = wrapper.cfbundle; includeInIndex = 0; path = CapstoneUWBTests.xctest; sourceTree = BUILT_PRODUCTS_DIR; };
		EA988A6D2BD4293800489A39 /* CapstoneUWBTests.swift */ = {isa = PBXFileReference; lastKnownFileType = sourcecode.swift; path = CapstoneUWBTests.swift; sourceTree = "<group>"; };
		EA988A732BD4293800489A39 /* CapstoneUWBUITests.xctest */ = {isa = PBXFileReference; explicitFileType = wrapper.cfbundle; includeInIndex = 0; path = CapstoneUWBUITests.xctest; sourceTree = BUILT_PRODUCTS_DIR; };
		EA988A772BD4293800489A39 /* CapstoneUWBUITests.swift */ = {isa = PBXFileReference; lastKnownFileType = sourcecode.swift; path = CapstoneUWBUITests.swift; sourceTree = "<group>"; };
		EA988A792BD4293800489A39 /* CapstoneUWBUITestsLaunchTests.swift */ = {isa = PBXFileReference; lastKnownFileType = sourcecode.swift; path = CapstoneUWBUITestsLaunchTests.swift; sourceTree = "<group>"; };
		EA988A872BD42BA200489A39 /* BLEController.swift */ = {isa = PBXFileReference; lastKnownFileType = sourcecode.swift; path = BLEController.swift; sourceTree = "<group>"; };
		EA988AE42BD6979600489A39 /* CoreBluetooth.framework */ = {isa = PBXFileReference; lastKnownFileType = wrapper.framework; name = CoreBluetooth.framework; path = System/Library/Frameworks/CoreBluetooth.framework; sourceTree = SDKROOT; };
		EA988AE62BD6979E00489A39 /* NearbyInteraction.framework */ = {isa = PBXFileReference; lastKnownFileType = wrapper.framework; name = NearbyInteraction.framework; path = System/Library/Frameworks/NearbyInteraction.framework; sourceTree = SDKROOT; };
/* End PBXFileReference section */

/* Begin PBXFrameworksBuildPhase section */
		EA988A502BD4293700489A39 /* Frameworks */ = {
			isa = PBXFrameworksBuildPhase;
			buildActionMask = 2147483647;
			files = (
				EA988AE72BD6979E00489A39 /* NearbyInteraction.framework in Frameworks */,
				EA988AE52BD6979600489A39 /* CoreBluetooth.framework in Frameworks */,
			);
			runOnlyForDeploymentPostprocessing = 0;
		};
		EA988A662BD4293800489A39 /* Frameworks */ = {
			isa = PBXFrameworksBuildPhase;
			buildActionMask = 2147483647;
			files = (
			);
			runOnlyForDeploymentPostprocessing = 0;
		};
		EA988A702BD4293800489A39 /* Frameworks */ = {
			isa = PBXFrameworksBuildPhase;
			buildActionMask = 2147483647;
			files = (
			);
			runOnlyForDeploymentPostprocessing = 0;
		};
/* End PBXFrameworksBuildPhase section */

/* Begin PBXGroup section */
		EA988A4A2BD4293700489A39 = {
			isa = PBXGroup;
			children = (
				EA988A552BD4293700489A39 /* CapstoneUWB */,
				EA988AE32BD6979600489A39 /* Frameworks */,
				EA988A6C2BD4293800489A39 /* CapstoneUWBTests */,
				EA988A762BD4293800489A39 /* CapstoneUWBUITests */,
				EA988A542BD4293700489A39 /* Products */,
			);
			sourceTree = "<group>";
		};
		EA988A542BD4293700489A39 /* Products */ = {
			isa = PBXGroup;
			children = (
				EA988A532BD4293700489A39 /* CapstoneUWB.app */,
				EA988A692BD4293800489A39 /* CapstoneUWBTests.xctest */,
				EA988A732BD4293800489A39 /* CapstoneUWBUITests.xctest */,
			);
			name = Products;
			sourceTree = "<group>";
		};
		EA988A552BD4293700489A39 /* CapstoneUWB */ = {
			isa = PBXGroup;
			children = (
				EA988A862BD42B8600489A39 /* BLE */,
				EA988A562BD4293700489A39 /* AppDelegate.swift */,
				EA988A582BD4293700489A39 /* SceneDelegate.swift */,
				EA988A5A2BD4293700489A39 /* ViewController.swift */,
				EA988A5C2BD4293700489A39 /* Main.storyboard */,
				EA988A5F2BD4293800489A39 /* Assets.xcassets */,
				EA988A612BD4293800489A39 /* LaunchScreen.storyboard */,
				EA988A642BD4293800489A39 /* Info.plist */,
			);
			path = CapstoneUWB;
			sourceTree = "<group>";
		};
		EA988A6C2BD4293800489A39 /* CapstoneUWBTests */ = {
			isa = PBXGroup;
			children = (
				EA988A6D2BD4293800489A39 /* CapstoneUWBTests.swift */,
			);
			path = CapstoneUWBTests;
			sourceTree = "<group>";
		};
		EA988A762BD4293800489A39 /* CapstoneUWBUITests */ = {
			isa = PBXGroup;
			children = (
				EA988A772BD4293800489A39 /* CapstoneUWBUITests.swift */,
				EA988A792BD4293800489A39 /* CapstoneUWBUITestsLaunchTests.swift */,
			);
			path = CapstoneUWBUITests;
			sourceTree = "<group>";
		};
		EA988A862BD42B8600489A39 /* BLE */ = {
			isa = PBXGroup;
			children = (
				EA988A872BD42BA200489A39 /* BLEController.swift */,
			);
			path = BLE;
			sourceTree = "<group>";
		};
		EA988AE32BD6979600489A39 /* Frameworks */ = {
			isa = PBXGroup;
			children = (
				EA988AE62BD6979E00489A39 /* NearbyInteraction.framework */,
				EA988AE42BD6979600489A39 /* CoreBluetooth.framework */,
			);
			name = Frameworks;
			sourceTree = "<group>";
		};
/* End PBXGroup section */

/* Begin PBXNativeTarget section */
		EA988A522BD4293700489A39 /* CapstoneUWB */ = {
			isa = PBXNativeTarget;
			buildConfigurationList = EA988A7D2BD4293800489A39 /* Build configuration list for PBXNativeTarget "CapstoneUWB" */;
			buildPhases = (
				EA988A4F2BD4293700489A39 /* Sources */,
				EA988A502BD4293700489A39 /* Frameworks */,
				EA988A512BD4293700489A39 /* Resources */,
			);
			buildRules = (
			);
			dependencies = (
			);
			name = CapstoneUWB;
			productName = CapstoneUWB;
			productReference = EA988A532BD4293700489A39 /* CapstoneUWB.app */;
			productType = "com.apple.product-type.application";
		};
		EA988A682BD4293800489A39 /* CapstoneUWBTests */ = {
			isa = PBXNativeTarget;
			buildConfigurationList = EA988A802BD4293800489A39 /* Build configuration list for PBXNativeTarget "CapstoneUWBTests" */;
			buildPhases = (
				EA988A652BD4293800489A39 /* Sources */,
				EA988A662BD4293800489A39 /* Frameworks */,
				EA988A672BD4293800489A39 /* Resources */,
			);
			buildRules = (
			);
			dependencies = (
				EA988A6B2BD4293800489A39 /* PBXTargetDependency */,
			);
			name = CapstoneUWBTests;
			productName = CapstoneUWBTests;
			productReference = EA988A692BD4293800489A39 /* CapstoneUWBTests.xctest */;
			productType = "com.apple.product-type.bundle.unit-test";
		};
		EA988A722BD4293800489A39 /* CapstoneUWBUITests */ = {
			isa = PBXNativeTarget;
			buildConfigurationList = EA988A832BD4293800489A39 /* Build configuration list for PBXNativeTarget "CapstoneUWBUITests" */;
			buildPhases = (
				EA988A6F2BD4293800489A39 /* Sources */,
				EA988A702BD4293800489A39 /* Frameworks */,
				EA988A712BD4293800489A39 /* Resources */,
			);
			buildRules = (
			);
			dependencies = (
				EA988A752BD4293800489A39 /* PBXTargetDependency */,
			);
			name = CapstoneUWBUITests;
			productName = CapstoneUWBUITests;
			productReference = EA988A732BD4293800489A39 /* CapstoneUWBUITests.xctest */;
			productType = "com.apple.product-type.bundle.ui-testing";
		};
/* End PBXNativeTarget section */

/* Begin PBXProject section */
		EA988A4B2BD4293700489A39 /* Project object */ = {
			isa = PBXProject;
			attributes = {
				BuildIndependentTargetsInParallel = 1;
				LastSwiftUpdateCheck = 1530;
				LastUpgradeCheck = 1530;
				TargetAttributes = {
					EA988A522BD4293700489A39 = {
						CreatedOnToolsVersion = 15.3;
					};
					EA988A682BD4293800489A39 = {
						CreatedOnToolsVersion = 15.3;
						TestTargetID = EA988A522BD4293700489A39;
					};
					EA988A722BD4293800489A39 = {
						CreatedOnToolsVersion = 15.3;
						TestTargetID = EA988A522BD4293700489A39;
					};
				};
			};
			buildConfigurationList = EA988A4E2BD4293700489A39 /* Build configuration list for PBXProject "CapstoneUWB" */;
			compatibilityVersion = "Xcode 14.0";
			developmentRegion = en;
			hasScannedForEncodings = 0;
			knownRegions = (
				en,
				Base,
			);
			mainGroup = EA988A4A2BD4293700489A39;
			productRefGroup = EA988A542BD4293700489A39 /* Products */;
			projectDirPath = "";
			projectRoot = "";
			targets = (
				EA988A522BD4293700489A39 /* CapstoneUWB */,
				EA988A682BD4293800489A39 /* CapstoneUWBTests */,
				EA988A722BD4293800489A39 /* CapstoneUWBUITests */,
			);
		};
/* End PBXProject section */

/* Begin PBXResourcesBuildPhase section */
		EA988A512BD4293700489A39 /* Resources */ = {
			isa = PBXResourcesBuildPhase;
			buildActionMask = 2147483647;
			files = (
				EA988A602BD4293800489A39 /* Assets.xcassets in Resources */,
				EA988A632BD4293800489A39 /* Base in Resources */,
				EA988A5E2BD4293700489A39 /* Base in Resources */,
			);
			runOnlyForDeploymentPostprocessing = 0;
		};
		EA988A672BD4293800489A39 /* Resources */ = {
			isa = PBXResourcesBuildPhase;
			buildActionMask = 2147483647;
			files = (
			);
			runOnlyForDeploymentPostprocessing = 0;
		};
		EA988A712BD4293800489A39 /* Resources */ = {
			isa = PBXResourcesBuildPhase;
			buildActionMask = 2147483647;
			files = (
			);
			runOnlyForDeploymentPostprocessing = 0;
		};
/* End PBXResourcesBuildPhase section */

/* Begin PBXSourcesBuildPhase section */
		EA988A4F2BD4293700489A39 /* Sources */ = {
			isa = PBXSourcesBuildPhase;
			buildActionMask = 2147483647;
			files = (
				EA988A5B2BD4293700489A39 /* ViewController.swift in Sources */,
				EA988A882BD42BA200489A39 /* BLEController.swift in Sources */,
				EA988A572BD4293700489A39 /* AppDelegate.swift in Sources */,
				EA988A592BD4293700489A39 /* SceneDelegate.swift in Sources */,
			);
			runOnlyForDeploymentPostprocessing = 0;
		};
		EA988A652BD4293800489A39 /* Sources */ = {
			isa = PBXSourcesBuildPhase;
			buildActionMask = 2147483647;
			files = (
				EA988A6E2BD4293800489A39 /* CapstoneUWBTests.swift in Sources */,
			);
			runOnlyForDeploymentPostprocessing = 0;
		};
		EA988A6F2BD4293800489A39 /* Sources */ = {
			isa = PBXSourcesBuildPhase;
			buildActionMask = 2147483647;
			files = (
				EA988A7A2BD4293800489A39 /* CapstoneUWBUITestsLaunchTests.swift in Sources */,
				EA988A782BD4293800489A39 /* CapstoneUWBUITests.swift in Sources */,
			);
			runOnlyForDeploymentPostprocessing = 0;
		};
/* End PBXSourcesBuildPhase section */

/* Begin PBXTargetDependency section */
		EA988A6B2BD4293800489A39 /* PBXTargetDependency */ = {
			isa = PBXTargetDependency;
			target = EA988A522BD4293700489A39 /* CapstoneUWB */;
			targetProxy = EA988A6A2BD4293800489A39 /* PBXContainerItemProxy */;
		};
		EA988A752BD4293800489A39 /* PBXTargetDependency */ = {
			isa = PBXTargetDependency;
			target = EA988A522BD4293700489A39 /* CapstoneUWB */;
			targetProxy = EA988A742BD4293800489A39 /* PBXContainerItemProxy */;
		};
/* End PBXTargetDependency section */

/* Begin PBXVariantGroup section */
		EA988A5C2BD4293700489A39 /* Main.storyboard */ = {
			isa = PBXVariantGroup;
			children = (
				EA988A5D2BD4293700489A39 /* Base */,
			);
			name = Main.storyboard;
			sourceTree = "<group>";
		};
		EA988A612BD4293800489A39 /* LaunchScreen.storyboard */ = {
			isa = PBXVariantGroup;
			children = (
				EA988A622BD4293800489A39 /* Base */,
			);
			name = LaunchScreen.storyboard;
			sourceTree = "<group>";
		};
/* End PBXVariantGroup section */

/* Begin XCBuildConfiguration section */
		EA988A7B2BD4293800489A39 /* Debug */ = {
			isa = XCBuildConfiguration;
			buildSettings = {
				ALWAYS_SEARCH_USER_PATHS = NO;
				ASSETCATALOG_COMPILER_GENERATE_SWIFT_ASSET_SYMBOL_EXTENSIONS = YES;
				CLANG_ANALYZER_NONNULL = YES;
				CLANG_ANALYZER_NUMBER_OBJECT_CONVERSION = YES_AGGRESSIVE;
				CLANG_CXX_LANGUAGE_STANDARD = "gnu++20";
				CLANG_ENABLE_MODULES = YES;
				CLANG_ENABLE_OBJC_ARC = YES;
				CLANG_ENABLE_OBJC_WEAK = YES;
				CLANG_WARN_BLOCK_CAPTURE_AUTORELEASING = YES;
				CLANG_WARN_BOOL_CONVERSION = YES;
				CLANG_WARN_COMMA = YES;
				CLANG_WARN_CONSTANT_CONVERSION = YES;
				CLANG_WARN_DEPRECATED_OBJC_IMPLEMENTATIONS = YES;
				CLANG_WARN_DIRECT_OBJC_ISA_USAGE = YES_ERROR;
				CLANG_WARN_DOCUMENTATION_COMMENTS = YES;
				CLANG_WARN_EMPTY_BODY = YES;
				CLANG_WARN_ENUM_CONVERSION = YES;
				CLANG_WARN_INFINITE_RECURSION = YES;
				CLANG_WARN_INT_CONVERSION = YES;
				CLANG_WARN_NON_LITERAL_NULL_CONVERSION = YES;
				CLANG_WARN_OBJC_IMPLICIT_RETAIN_SELF = YES;
				CLANG_WARN_OBJC_LITERAL_CONVERSION = YES;
				CLANG_WARN_OBJC_ROOT_CLASS = YES_ERROR;
				CLANG_WARN_QUOTED_INCLUDE_IN_FRAMEWORK_HEADER = YES;
				CLANG_WARN_RANGE_LOOP_ANALYSIS = YES;
				CLANG_WARN_STRICT_PROTOTYPES = YES;
				CLANG_WARN_SUSPICIOUS_MOVE = YES;
				CLANG_WARN_UNGUARDED_AVAILABILITY = YES_AGGRESSIVE;
				CLANG_WARN_UNREACHABLE_CODE = YES;
				CLANG_WARN__DUPLICATE_METHOD_MATCH = YES;
				COPY_PHASE_STRIP = NO;
				DEBUG_INFORMATION_FORMAT = dwarf;
				ENABLE_STRICT_OBJC_MSGSEND = YES;
				ENABLE_TESTABILITY = YES;
				ENABLE_USER_SCRIPT_SANDBOXING = YES;
				GCC_C_LANGUAGE_STANDARD = gnu17;
				GCC_DYNAMIC_NO_PIC = NO;
				GCC_NO_COMMON_BLOCKS = YES;
				GCC_OPTIMIZATION_LEVEL = 0;
				GCC_PREPROCESSOR_DEFINITIONS = (
					"DEBUG=1",
					"$(inherited)",
				);
				GCC_WARN_64_TO_32_BIT_CONVERSION = YES;
				GCC_WARN_ABOUT_RETURN_TYPE = YES_ERROR;
				GCC_WARN_UNDECLARED_SELECTOR = YES;
				GCC_WARN_UNINITIALIZED_AUTOS = YES_AGGRESSIVE;
				GCC_WARN_UNUSED_FUNCTION = YES;
				GCC_WARN_UNUSED_VARIABLE = YES;
				IPHONEOS_DEPLOYMENT_TARGET = 17.4;
				LOCALIZATION_PREFERS_STRING_CATALOGS = YES;
				MTL_ENABLE_DEBUG_INFO = INCLUDE_SOURCE;
				MTL_FAST_MATH = YES;
				ONLY_ACTIVE_ARCH = YES;
				SDKROOT = iphoneos;
				SWIFT_ACTIVE_COMPILATION_CONDITIONS = "DEBUG $(inherited)";
				SWIFT_OPTIMIZATION_LEVEL = "-Onone";
			};
			name = Debug;
		};
		EA988A7C2BD4293800489A39 /* Release */ = {
			isa = XCBuildConfiguration;
			buildSettings = {
				ALWAYS_SEARCH_USER_PATHS = NO;
				ASSETCATALOG_COMPILER_GENERATE_SWIFT_ASSET_SYMBOL_EXTENSIONS = YES;
				CLANG_ANALYZER_NONNULL = YES;
				CLANG_ANALYZER_NUMBER_OBJECT_CONVERSION = YES_AGGRESSIVE;
				CLANG_CXX_LANGUAGE_STANDARD = "gnu++20";
				CLANG_ENABLE_MODULES = YES;
				CLANG_ENABLE_OBJC_ARC = YES;
				CLANG_ENABLE_OBJC_WEAK = YES;
				CLANG_WARN_BLOCK_CAPTURE_AUTORELEASING = YES;
				CLANG_WARN_BOOL_CONVERSION = YES;
				CLANG_WARN_COMMA = YES;
				CLANG_WARN_CONSTANT_CONVERSION = YES;
				CLANG_WARN_DEPRECATED_OBJC_IMPLEMENTATIONS = YES;
				CLANG_WARN_DIRECT_OBJC_ISA_USAGE = YES_ERROR;
				CLANG_WARN_DOCUMENTATION_COMMENTS = YES;
				CLANG_WARN_EMPTY_BODY = YES;
				CLANG_WARN_ENUM_CONVERSION = YES;
				CLANG_WARN_INFINITE_RECURSION = YES;
				CLANG_WARN_INT_CONVERSION = YES;
				CLANG_WARN_NON_LITERAL_NULL_CONVERSION = YES;
				CLANG_WARN_OBJC_IMPLICIT_RETAIN_SELF = YES;
				CLANG_WARN_OBJC_LITERAL_CONVERSION = YES;
				CLANG_WARN_OBJC_ROOT_CLASS = YES_ERROR;
				CLANG_WARN_QUOTED_INCLUDE_IN_FRAMEWORK_HEADER = YES;
				CLANG_WARN_RANGE_LOOP_ANALYSIS = YES;
				CLANG_WARN_STRICT_PROTOTYPES = YES;
				CLANG_WARN_SUSPICIOUS_MOVE = YES;
				CLANG_WARN_UNGUARDED_AVAILABILITY = YES_AGGRESSIVE;
				CLANG_WARN_UNREACHABLE_CODE = YES;
				CLANG_WARN__DUPLICATE_METHOD_MATCH = YES;
				COPY_PHASE_STRIP = NO;
				DEBUG_INFORMATION_FORMAT = "dwarf-with-dsym";
				ENABLE_NS_ASSERTIONS = NO;
				ENABLE_STRICT_OBJC_MSGSEND = YES;
				ENABLE_USER_SCRIPT_SANDBOXING = YES;
				GCC_C_LANGUAGE_STANDARD = gnu17;
				GCC_NO_COMMON_BLOCKS = YES;
				GCC_WARN_64_TO_32_BIT_CONVERSION = YES;
				GCC_WARN_ABOUT_RETURN_TYPE = YES_ERROR;
				GCC_WARN_UNDECLARED_SELECTOR = YES;
				GCC_WARN_UNINITIALIZED_AUTOS = YES_AGGRESSIVE;
				GCC_WARN_UNUSED_FUNCTION = YES;
				GCC_WARN_UNUSED_VARIABLE = YES;
				IPHONEOS_DEPLOYMENT_TARGET = 17.4;
				LOCALIZATION_PREFERS_STRING_CATALOGS = YES;
				MTL_ENABLE_DEBUG_INFO = NO;
				MTL_FAST_MATH = YES;
				SDKROOT = iphoneos;
				SWIFT_COMPILATION_MODE = wholemodule;
				VALIDATE_PRODUCT = YES;
			};
			name = Release;
		};
		EA988A7E2BD4293800489A39 /* Debug */ = {
			isa = XCBuildConfiguration;
			buildSettings = {
				ASSETCATALOG_COMPILER_APPICON_NAME = AppIcon;
				ASSETCATALOG_COMPILER_GLOBAL_ACCENT_COLOR_NAME = AccentColor;
				CODE_SIGN_STYLE = Automatic;
				CURRENT_PROJECT_VERSION = 1;
				DEVELOPMENT_TEAM = 4UU8P7MXH2;
				GENERATE_INFOPLIST_FILE = YES;
				INFOPLIST_FILE = CapstoneUWB/Info.plist;
				INFOPLIST_KEY_UIApplicationSupportsIndirectInputEvents = YES;
				INFOPLIST_KEY_UILaunchStoryboardName = LaunchScreen;
				INFOPLIST_KEY_UIMainStoryboardFile = Main;
				INFOPLIST_KEY_UISupportedInterfaceOrientations_iPad = "UIInterfaceOrientationPortrait UIInterfaceOrientationPortraitUpsideDown UIInterfaceOrientationLandscapeLeft UIInterfaceOrientationLandscapeRight";
				INFOPLIST_KEY_UISupportedInterfaceOrientations_iPhone = "UIInterfaceOrientationPortrait UIInterfaceOrientationLandscapeLeft UIInterfaceOrientationLandscapeRight";
				LD_RUNPATH_SEARCH_PATHS = (
					"$(inherited)",
					"@executable_path/Frameworks",
				);
				MARKETING_VERSION = 1.0;
				PRODUCT_BUNDLE_IDENTIFIER = com.uwblogin.CapstoneUWB;
				PRODUCT_NAME = "$(TARGET_NAME)";
				SWIFT_EMIT_LOC_STRINGS = YES;
				SWIFT_VERSION = 5.0;
				TARGETED_DEVICE_FAMILY = "1,2";
			};
			name = Debug;
		};
		EA988A7F2BD4293800489A39 /* Release */ = {
			isa = XCBuildConfiguration;
			buildSettings = {
				ASSETCATALOG_COMPILER_APPICON_NAME = AppIcon;
				ASSETCATALOG_COMPILER_GLOBAL_ACCENT_COLOR_NAME = AccentColor;
				CODE_SIGN_STYLE = Automatic;
				CURRENT_PROJECT_VERSION = 1;
				DEVELOPMENT_TEAM = 4UU8P7MXH2;
				GENERATE_INFOPLIST_FILE = YES;
				INFOPLIST_FILE = CapstoneUWB/Info.plist;
				INFOPLIST_KEY_UIApplicationSupportsIndirectInputEvents = YES;
				INFOPLIST_KEY_UILaunchStoryboardName = LaunchScreen;
				INFOPLIST_KEY_UIMainStoryboardFile = Main;
				INFOPLIST_KEY_UISupportedInterfaceOrientations_iPad = "UIInterfaceOrientationPortrait UIInterfaceOrientationPortraitUpsideDown UIInterfaceOrientationLandscapeLeft UIInterfaceOrientationLandscapeRight";
				INFOPLIST_KEY_UISupportedInterfaceOrientations_iPhone = "UIInterfaceOrientationPortrait UIInterfaceOrientationLandscapeLeft UIInterfaceOrientationLandscapeRight";
				LD_RUNPATH_SEARCH_PATHS = (
					"$(inherited)",
					"@executable_path/Frameworks",
				);
				MARKETING_VERSION = 1.0;
				PRODUCT_BUNDLE_IDENTIFIER = com.uwblogin.CapstoneUWB;
				PRODUCT_NAME = "$(TARGET_NAME)";
				SWIFT_EMIT_LOC_STRINGS = YES;
				SWIFT_VERSION = 5.0;
				TARGETED_DEVICE_FAMILY = "1,2";
			};
			name = Release;
		};
		EA988A812BD4293800489A39 /* Debug */ = {
			isa = XCBuildConfiguration;
			buildSettings = {
				ALWAYS_EMBED_SWIFT_STANDARD_LIBRARIES = YES;
				BUNDLE_LOADER = "$(TEST_HOST)";
				CODE_SIGN_STYLE = Automatic;
				CURRENT_PROJECT_VERSION = 1;
				DEVELOPMENT_TEAM = 4UU8P7MXH2;
				GENERATE_INFOPLIST_FILE = YES;
				IPHONEOS_DEPLOYMENT_TARGET = 17.4;
				MARKETING_VERSION = 1.0;
				PRODUCT_BUNDLE_IDENTIFIER = com.uwblogin.CapstoneUWBTests;
				PRODUCT_NAME = "$(TARGET_NAME)";
				SWIFT_EMIT_LOC_STRINGS = NO;
				SWIFT_VERSION = 5.0;
				TARGETED_DEVICE_FAMILY = "1,2";
				TEST_HOST = "$(BUILT_PRODUCTS_DIR)/CapstoneUWB.app/$(BUNDLE_EXECUTABLE_FOLDER_PATH)/CapstoneUWB";
			};
			name = Debug;
		};
		EA988A822BD4293800489A39 /* Release */ = {
			isa = XCBuildConfiguration;
			buildSettings = {
				ALWAYS_EMBED_SWIFT_STANDARD_LIBRARIES = YES;
				BUNDLE_LOADER = "$(TEST_HOST)";
				CODE_SIGN_STYLE = Automatic;
				CURRENT_PROJECT_VERSION = 1;
				DEVELOPMENT_TEAM = 4UU8P7MXH2;
				GENERATE_INFOPLIST_FILE = YES;
				IPHONEOS_DEPLOYMENT_TARGET = 17.4;
				MARKETING_VERSION = 1.0;
				PRODUCT_BUNDLE_IDENTIFIER = com.uwblogin.CapstoneUWBTests;
				PRODUCT_NAME = "$(TARGET_NAME)";
				SWIFT_EMIT_LOC_STRINGS = NO;
				SWIFT_VERSION = 5.0;
				TARGETED_DEVICE_FAMILY = "1,2";
				TEST_HOST = "$(BUILT_PRODUCTS_DIR)/CapstoneUWB.app/$(BUNDLE_EXECUTABLE_FOLDER_PATH)/CapstoneUWB";
			};
			name = Release;
		};
		EA988A842BD4293800489A39 /* Debug */ = {
			isa = XCBuildConfiguration;
			buildSettings = {
				ALWAYS_EMBED_SWIFT_STANDARD_LIBRARIES = YES;
				CODE_SIGN_STYLE = Automatic;
				CURRENT_PROJECT_VERSION = 1;
				DEVELOPMENT_TEAM = 4UU8P7MXH2;
				GENERATE_INFOPLIST_FILE = YES;
				MARKETING_VERSION = 1.0;
				PRODUCT_BUNDLE_IDENTIFIER = com.uwblogin.CapstoneUWBUITests;
				PRODUCT_NAME = "$(TARGET_NAME)";
				SWIFT_EMIT_LOC_STRINGS = NO;
				SWIFT_VERSION = 5.0;
				TARGETED_DEVICE_FAMILY = "1,2";
				TEST_TARGET_NAME = CapstoneUWB;
			};
			name = Debug;
		};
		EA988A852BD4293800489A39 /* Release */ = {
			isa = XCBuildConfiguration;
			buildSettings = {
				ALWAYS_EMBED_SWIFT_STANDARD_LIBRARIES = YES;
				CODE_SIGN_STYLE = Automatic;
				CURRENT_PROJECT_VERSION = 1;
				DEVELOPMENT_TEAM = 4UU8P7MXH2;
				GENERATE_INFOPLIST_FILE = YES;
				MARKETING_VERSION = 1.0;
				PRODUCT_BUNDLE_IDENTIFIER = com.uwblogin.CapstoneUWBUITests;
				PRODUCT_NAME = "$(TARGET_NAME)";
				SWIFT_EMIT_LOC_STRINGS = NO;
				SWIFT_VERSION = 5.0;
				TARGETED_DEVICE_FAMILY = "1,2";
				TEST_TARGET_NAME = CapstoneUWB;
			};
			name = Release;
		};
/* End XCBuildConfiguration section */

/* Begin XCConfigurationList section */
		EA988A4E2BD4293700489A39 /* Build configuration list for PBXProject "CapstoneUWB" */ = {
			isa = XCConfigurationList;
			buildConfigurations = (
				EA988A7B2BD4293800489A39 /* Debug */,
				EA988A7C2BD4293800489A39 /* Release */,
			);
			defaultConfigurationIsVisible = 0;
			defaultConfigurationName = Release;
		};
		EA988A7D2BD4293800489A39 /* Build configuration list for PBXNativeTarget "CapstoneUWB" */ = {
			isa = XCConfigurationList;
			buildConfigurations = (
				EA988A7E2BD4293800489A39 /* Debug */,
				EA988A7F2BD4293800489A39 /* Release */,
			);
			defaultConfigurationIsVisible = 0;
			defaultConfigurationName = Release;
		};
		EA988A802BD4293800489A39 /* Build configuration list for PBXNativeTarget "CapstoneUWBTests" */ = {
			isa = XCConfigurationList;
			buildConfigurations = (
				EA988A812BD4293800489A39 /* Debug */,
				EA988A822BD4293800489A39 /* Release */,
			);
			defaultConfigurationIsVisible = 0;
			defaultConfigurationName = Release;
		};
		EA988A832BD4293800489A39 /* Build configuration list for PBXNativeTarget "CapstoneUWBUITests" */ = {
			isa = XCConfigurationList;
			buildConfigurations = (
				EA988A842BD4293800489A39 /* Debug */,
				EA988A852BD4293800489A39 /* Release */,
			);
			defaultConfigurationIsVisible = 0;
			defaultConfigurationName = Release;
		};
/* End XCConfigurationList section */
	};
	rootObject = EA988A4B2BD4293700489A39 /* Project object */;
}
